# THIS IS AN AUTOGENERATED FILE. DO NOT EDIT THIS FILE DIRECTLY.
# yarn lockfile v1


"@fortawesome/fontawesome-free@^6.5.1":
  version "6.5.1"
  resolved "https://registry.yarnpkg.com/@fortawesome/fontawesome-free/-/fontawesome-free-6.5.1.tgz#55cc8410abf1003b726324661ce5b0d1c10de258"
  integrity sha512-CNy5vSwN3fsUStPRLX7fUYojyuzoEMSXPl7zSLJ8TgtRfjv24LOnOWKT2zYwaHZCJGkdyRnTmstR0P+Ah503Gw==

"@hotwired/stimulus@^3.2.2":
  version "3.2.2"
  resolved "https://registry.yarnpkg.com/@hotwired/stimulus/-/stimulus-3.2.2.tgz#071aab59c600fed95b97939e605ff261a4251608"
  integrity sha512-eGeIqNOQpXoPAIP7tC1+1Yc1yl1xnwYqg+3mzqxyrbE5pg5YFBZcA6YoTiByJB6DKAEsiWtl6tjTJS4IYtbB7A==

"@hotwired/turbo-rails@^8.0.18":
  version "8.0.18"
  resolved "https://registry.yarnpkg.com/@hotwired/turbo-rails/-/turbo-rails-8.0.18.tgz#021d9556eec5bf6648b607531f4c0ec960706d84"
  integrity sha512-iRxd922VSTVH0NzlLDx9T9S8Ep0NPnrLCKva31WIMLNApJgUZKa/a90EFiBa2G6Do+x4xuKZk53dlweiwTyXkQ==
  dependencies:
    "@hotwired/turbo" "^8.0.18"
    "@rails/actioncable" ">=7.0"

"@hotwired/turbo@^8.0.18":
  version "8.0.18"
  resolved "https://registry.yarnpkg.com/@hotwired/turbo/-/turbo-8.0.18.tgz#10ae3de450b955862f89e30c50d96d676813744e"
  integrity sha512-dG0N7khQsP8sujclodQE3DYkI4Lq7uKA04fhT0DCC/DwMgn4T4WM3aji6EC6+iCfABQeJncY0SraXqVeOq0vvQ==

"@rails/actioncable@>=7.0", "@rails/actioncable@^8.0.300":
  version "8.0.300"
  resolved "https://registry.yarnpkg.com/@rails/actioncable/-/actioncable-8.0.300.tgz#ae78fbb42ae688f66852206ba02fea3518749791"
  integrity sha512-X+jxLnyYciTciEeM9crFFsR6DCodCsnoQIzv4hEST6Lx1rEBEjNQbBopnyDT4gr7lBeHJNfb6fEcvZuWFxUSQg==

"@rails/actiontext@^8.0.300":
  version "8.0.300"
  resolved "https://registry.yarnpkg.com/@rails/actiontext/-/actiontext-8.0.300.tgz#a5c89ef825f5e1b199456abc86c8f2f746227450"
  integrity sha512-3uIRBH7SsjlgbpZQTEsgZg9bdH2umdjCoXp02oRF1PzEi/TcOTQD/PXTthkRiXdo0sA6y3PMgJNiPs/JfW4JLQ==
  dependencies:
    "@rails/activestorage" ">= 8.0.0-alpha"

"@rails/activestorage@>= 8.0.0-alpha", "@rails/activestorage@^8.0.300":
  version "8.0.300"
  resolved "https://registry.yarnpkg.com/@rails/activestorage/-/activestorage-8.0.300.tgz#4c31cf2ae59033a1fbb90ba545ff216b5ea161f8"
  integrity sha512-vgugHjdH0wLM1+ajWdoiNNFphDsZrd349iJvfyVPC21IkMdJOnaBpF4eaV847cDqP/7mxxDZ4nkhc7dgQjGa4A==
  dependencies:
    spark-md5 "^3.0.1"

"@rails/request.js@^0.0.12":
  version "0.0.12"
  resolved "https://registry.yarnpkg.com/@rails/request.js/-/request.js-0.0.12.tgz#3d1f73e7585141d9c4c2149a34476d128eb900bc"
  integrity sha512-g3//JBja1s04Zflj7IoMLQuXza9i4ZvtLmm0r0dMwh1QQUs6rL2iKUOGGyERfLsd81SnXC5ucfVV//rtsDlEEA==

anymatch@~3.1.2:
  version "3.1.2"
  resolved "https://registry.yarnpkg.com/anymatch/-/anymatch-3.1.2.tgz#c0557c096af32f106198f4f4e2a383537e378716"
  integrity sha512-P43ePfOAIupkguHUycrc4qJ9kz8ZiuOUijaETwX7THt0Y/GNK7v0aa8rY816xWjZ7rJdA5XdMcpVFTKMq+RvWg==
  dependencies:
    normalize-path "^3.0.0"
    picomatch "^2.0.4"

babel-helper-builder-react-jsx@^6.24.1:
  version "6.26.0"
  resolved "https://registry.yarnpkg.com/babel-helper-builder-react-jsx/-/babel-helper-builder-react-jsx-6.26.0.tgz#39ff8313b75c8b65dceff1f31d383e0ff2a408a0"
  integrity sha512-02I9jDjnVEuGy2BR3LRm9nPRb/+Ja0pvZVLr1eI5TYAA/dB0Xoc+WBo50+aDfhGDLhlBY1+QURjn9uvcFd8gzg==
  dependencies:
    babel-runtime "^6.26.0"
    babel-types "^6.26.0"
    esutils "^2.0.2"

babel-plugin-syntax-flow@^6.18.0:
  version "6.18.0"
  resolved "https://registry.yarnpkg.com/babel-plugin-syntax-flow/-/babel-plugin-syntax-flow-6.18.0.tgz#4c3ab20a2af26aa20cd25995c398c4eb70310c8d"
  integrity sha512-HbTDIoG1A1op7Tl/wIFQPULIBA61tsJ8Ntq2FAhLwuijrzosM/92kAfgU1Q3Kc7DH/cprJg5vDfuTY4QUL4rDA==

babel-plugin-syntax-jsx@^6.3.13, babel-plugin-syntax-jsx@^6.8.0:
  version "6.18.0"
  resolved "https://registry.yarnpkg.com/babel-plugin-syntax-jsx/-/babel-plugin-syntax-jsx-6.18.0.tgz#0af32a9a6e13ca7a3fd5069e62d7b0f58d0d8946"
  integrity sha512-qrPaCSo9c8RHNRHIotaufGbuOBN8rtdC4QrrFFc43vyWCCz7Kl7GL1PGaXtMGQZUXrkCjNEgxDfmAuAabr/rlw==

babel-plugin-transform-flow-strip-types@^6.22.0:
  version "6.22.0"
  resolved "https://registry.yarnpkg.com/babel-plugin-transform-flow-strip-types/-/babel-plugin-transform-flow-strip-types-6.22.0.tgz#84cb672935d43714fdc32bce84568d87441cf7cf"
  integrity sha512-TxIM0ZWNw9oYsoTthL3lvAK3+eTujzktoXJg4ubGvICGbVuXVYv5hHv0XXpz8fbqlJaGYY4q5SVzaSmsg3t4Fg==
  dependencies:
    babel-plugin-syntax-flow "^6.18.0"
    babel-runtime "^6.22.0"

babel-plugin-transform-react-display-name@^6.23.0:
  version "6.25.0"
  resolved "https://registry.yarnpkg.com/babel-plugin-transform-react-display-name/-/babel-plugin-transform-react-display-name-6.25.0.tgz#67e2bf1f1e9c93ab08db96792e05392bf2cc28d1"
  integrity sha512-QLYkLiZeeED2PKd4LuXGg5y9fCgPB5ohF8olWUuETE2ryHNRqqnXlEVP7RPuef89+HTfd3syptMGVHeoAu0Wig==
  dependencies:
    babel-runtime "^6.22.0"

babel-plugin-transform-react-jsx-self@^6.22.0:
  version "6.22.0"
  resolved "https://registry.yarnpkg.com/babel-plugin-transform-react-jsx-self/-/babel-plugin-transform-react-jsx-self-6.22.0.tgz#df6d80a9da2612a121e6ddd7558bcbecf06e636e"
  integrity sha512-Y3ZHP1nunv0U1+ysTNwLK39pabHj6cPVsfN4TRC7BDBfbgbyF4RifP5kd6LnbuMV9wcfedQMe7hn1fyKc7IzTQ==
  dependencies:
    babel-plugin-syntax-jsx "^6.8.0"
    babel-runtime "^6.22.0"

babel-plugin-transform-react-jsx-source@^6.22.0:
  version "6.22.0"
  resolved "https://registry.yarnpkg.com/babel-plugin-transform-react-jsx-source/-/babel-plugin-transform-react-jsx-source-6.22.0.tgz#66ac12153f5cd2d17b3c19268f4bf0197f44ecd6"
  integrity sha512-pcDNDsZ9q/6LJmujQ/OhjeoIlp5Nl546HJ2yiFIJK3mYpgNXhI5/S9mXfVxu5yqWAi7HdI7e/q6a9xtzwL69Vw==
  dependencies:
    babel-plugin-syntax-jsx "^6.8.0"
    babel-runtime "^6.22.0"

babel-plugin-transform-react-jsx@^6.24.1:
  version "6.24.1"
  resolved "https://registry.yarnpkg.com/babel-plugin-transform-react-jsx/-/babel-plugin-transform-react-jsx-6.24.1.tgz#840a028e7df460dfc3a2d29f0c0d91f6376e66a3"
  integrity sha512-s+q/Y2u2OgDPHRuod3t6zyLoV8pUHc64i/O7ZNgIOEdYTq+ChPeybcKBi/xk9VI60VriILzFPW+dUxAEbTxh2w==
  dependencies:
    babel-helper-builder-react-jsx "^6.24.1"
    babel-plugin-syntax-jsx "^6.8.0"
    babel-runtime "^6.22.0"

babel-preset-flow@^6.23.0:
  version "6.23.0"
  resolved "https://registry.yarnpkg.com/babel-preset-flow/-/babel-preset-flow-6.23.0.tgz#e71218887085ae9a24b5be4169affb599816c49d"
  integrity sha512-PQZFJXnM3d80Vq4O67OE6EMVKIw2Vmzy8UXovqulNogCtblWU8rzP7Sm5YgHiCg4uejUxzCkHfNXQ4Z6GI+Dhw==
  dependencies:
    babel-plugin-transform-flow-strip-types "^6.22.0"

babel-preset-react@^6.24.1:
  version "6.24.1"
  resolved "https://registry.yarnpkg.com/babel-preset-react/-/babel-preset-react-6.24.1.tgz#ba69dfaea45fc3ec639b6a4ecea6e17702c91380"
  integrity sha512-phQe3bElbgF887UM0Dhz55d22ob8czTL1kbhZFwpCE6+R/X9kHktfwmx9JZb+bBSVRGphP5tZ9oWhVhlgjrX3Q==
  dependencies:
    babel-plugin-syntax-jsx "^6.3.13"
    babel-plugin-transform-react-display-name "^6.23.0"
    babel-plugin-transform-react-jsx "^6.24.1"
    babel-plugin-transform-react-jsx-self "^6.22.0"
    babel-plugin-transform-react-jsx-source "^6.22.0"
    babel-preset-flow "^6.23.0"

babel-runtime@^6.22.0, babel-runtime@^6.26.0:
  version "6.26.0"
  resolved "https://registry.yarnpkg.com/babel-runtime/-/babel-runtime-6.26.0.tgz#965c7058668e82b55d7bfe04ff2337bc8b5647fe"
  integrity sha512-ITKNuq2wKlW1fJg9sSW52eepoYgZBggvOAHC0u/CYu/qxQ9EVzThCgR69BnSXLHjy2f7SY5zaQ4yt7H9ZVxY2g==
  dependencies:
    core-js "^2.4.0"
    regenerator-runtime "^0.11.0"

babel-types@^6.26.0:
  version "6.26.0"
  resolved "https://registry.yarnpkg.com/babel-types/-/babel-types-6.26.0.tgz#a3b073f94ab49eb6fa55cd65227a334380632497"
  integrity sha512-zhe3V/26rCWsEZK8kZN+HaQj5yQ1CilTObixFzKW1UWjqG7618Twz6YEsCnjfg5gBcJh02DrpCkS9h98ZqDY+g==
  dependencies:
    babel-runtime "^6.26.0"
    esutils "^2.0.2"
    lodash "^4.17.4"
    to-fast-properties "^1.0.3"

binary-extensions@^2.0.0:
  version "2.2.0"
  resolved "https://registry.yarnpkg.com/binary-extensions/-/binary-extensions-2.2.0.tgz#75f502eeaf9ffde42fc98829645be4ea76bd9e2d"
  integrity sha512-jDctJ/IVQbZoJykoeHbhXpOlNBqGNcwXJKJog42E5HDPUwQTSdjCHdihjj0DlnheQ7blbT6dHOafNAiS8ooQKA==

braces@~3.0.2:
  version "3.0.3"
  resolved "https://registry.yarnpkg.com/braces/-/braces-3.0.3.tgz#490332f40919452272d55a8480adc0c441358789"
  integrity sha512-yQbXgO/OSZVD2IsiLlro+7Hf6Q18EJrKSEsdoMzKePKXct3gvD8oLcOQdIzGupr5Fj+EDe8gO/lxc1BzfMpxvA==
  dependencies:
    fill-range "^7.1.1"

bulma-tooltip@^3.0.2:
  version "3.0.2"
  resolved "https://registry.yarnpkg.com/bulma-tooltip/-/bulma-tooltip-3.0.2.tgz#2cf0abab1de2eba07f9d84eb7f07a8a88819ea92"
  integrity sha512-CsT3APjhlZScskFg38n8HYL8oYNUHQtcu4sz6ERarxkUpBRbk9v0h/5KAvXeKapVSn2dp9l7bOGit5SECP8EWQ==

bulma@^1.0.2:
  version "1.0.2"
  resolved "https://registry.yarnpkg.com/bulma/-/bulma-1.0.2.tgz#47395a660755c9566db3cf981fd4e3a2b637af19"
  integrity sha512-D7GnDuF6seb6HkcnRMM9E739QpEY9chDzzeFrHMyEns/EXyDJuQ0XA0KxbBl/B2NTsKSoDomW61jFGFaAxhK5A==

"chokidar@>=3.0.0 <4.0.0":
  version "3.5.3"
  resolved "https://registry.yarnpkg.com/chokidar/-/chokidar-3.5.3.tgz#1cf37c8707b932bd1af1ae22c0432e2acd1903bd"
  integrity sha512-Dr3sfKRP6oTcjf2JmUmFJfeVMvXBdegxB0iVQ5eb2V10uFJUCAS8OByZdVAyVb8xXNz3GjjTgj9kLWsZTqE6kw==
  dependencies:
    anymatch "~3.1.2"
    braces "~3.0.2"
    glob-parent "~5.1.2"
    is-binary-path "~2.1.0"
    is-glob "~4.0.1"
    normalize-path "~3.0.0"
    readdirp "~3.6.0"
  optionalDependencies:
    fsevents "~2.3.2"

core-js@^2.4.0:
  version "2.6.12"
  resolved "https://registry.yarnpkg.com/core-js/-/core-js-2.6.12.tgz#d9333dfa7b065e347cc5682219d6f690859cc2ec"
  integrity sha512-Kb2wC0fvsWfQrgk8HU5lW6U/Lcs8+9aaYcy4ZFc6DDlo4nZ7n70dEgE5rtR0oG6ufKDUnrwfWL1mXR5ljDatrQ==

esutils@^2.0.2:
  version "2.0.3"
  resolved "https://registry.yarnpkg.com/esutils/-/esutils-2.0.3.tgz#74d2eb4de0b8da1293711910d50775b9b710ef64"
  integrity sha512-kVscqXk4OCp68SZ0dkgEKVi6/8ij300KBWTJq32P/dYeWTSwK41WyTxalN1eRmA5Z9UU/LX9D7FWSmV9SAYx6g==

fill-range@^7.1.1:
  version "7.1.1"
  resolved "https://registry.yarnpkg.com/fill-range/-/fill-range-7.1.1.tgz#44265d3cac07e3ea7dc247516380643754a05292"
  integrity sha512-YsGpe3WHLK8ZYi4tWDg2Jy3ebRz2rXowDxnld4bkQB00cc/1Zw9AWnC0i9ztDJitivtQvaI9KaLyKrc+hBW0yg==
  dependencies:
    to-regex-range "^5.0.1"

flatpickr@^4.6.9:
  version "4.6.13"
  resolved "https://registry.yarnpkg.com/flatpickr/-/flatpickr-4.6.13.tgz#8a029548187fd6e0d670908471e43abe9ad18d94"
  integrity sha512-97PMG/aywoYpB4IvbvUJi0RQi8vearvU0oov1WW3k0WZPBMrTQVqekSX5CjSG/M4Q3i6A/0FKXC7RyAoAUUSPw==

fsevents@~2.3.2:
  version "2.3.2"
  resolved "https://registry.yarnpkg.com/fsevents/-/fsevents-2.3.2.tgz#8a526f78b8fdf4623b709e0b975c52c24c02fd1a"
  integrity sha512-xiqMQR4xAeHTuB9uWm+fFRcIOgKBMiOBP+eXiyT7jsgVCq1bkVygt00oASowB7EdtpOHaaPgKt812P9ab+DDKA==

glob-parent@~5.1.2:
  version "5.1.2"
  resolved "https://registry.yarnpkg.com/glob-parent/-/glob-parent-5.1.2.tgz#869832c58034fe68a4093c17dc15e8340d8401c4"
  integrity sha512-AOIgSQCepiJYwP3ARnGx+5VnTu2HBYdzbGP45eLw1vr3zB3vZLeyed1sC9hnbcOc9/SrMyM5RPQrkGz4aS9Zow==
  dependencies:
    is-glob "^4.0.1"

immutable@^4.0.0:
  version "4.1.0"
  resolved "https://registry.yarnpkg.com/immutable/-/immutable-4.1.0.tgz#f795787f0db780183307b9eb2091fcac1f6fafef"
  integrity sha512-oNkuqVTA8jqG1Q6c+UglTOD1xhC1BtjKI7XkCXRkZHrN5m18/XsnUp8Q89GkQO/z+0WjonSvl0FLhDYftp46nQ==

is-binary-path@~2.1.0:
  version "2.1.0"
  resolved "https://registry.yarnpkg.com/is-binary-path/-/is-binary-path-2.1.0.tgz#ea1f7f3b80f064236e83470f86c09c254fb45b09"
  integrity sha512-ZMERYes6pDydyuGidse7OsHxtbI7WVeUEozgR/g7rd0xUimYNlvZRE/K2MgZTjWy725IfelLeVcEM97mmtRGXw==
  dependencies:
    binary-extensions "^2.0.0"

is-extglob@^2.1.1:
  version "2.1.1"
  resolved "https://registry.yarnpkg.com/is-extglob/-/is-extglob-2.1.1.tgz#a88c02535791f02ed37c76a1b9ea9773c833f8c2"
  integrity sha512-SbKbANkN603Vi4jEZv49LeVJMn4yGwsbzZworEoyEiutsN3nJYdbO36zfhGJ6QEDpOZIFkDtnq5JRxmvl3jsoQ==

is-glob@^4.0.1, is-glob@~4.0.1:
  version "4.0.3"
  resolved "https://registry.yarnpkg.com/is-glob/-/is-glob-4.0.3.tgz#64f61e42cbbb2eec2071a9dac0b28ba1e65d5084"
  integrity sha512-xelSayHH36ZgE7ZWhli7pW34hNbNl8Ojv5KVmkJD4hBdD3th8Tfk9vYasLM+mXWOZhFkgZfxhLSnrwRr4elSSg==
  dependencies:
    is-extglob "^2.1.1"

is-number@^7.0.0:
  version "7.0.0"
  resolved "https://registry.yarnpkg.com/is-number/-/is-number-7.0.0.tgz#7535345b896734d5f80c4d06c50955527a14f12b"
  integrity sha512-41Cifkg6e8TylSpdtTpeLVMqvSBEVzTttHvERD741+pnZ8ANv0004MRL43QKPDlK9cGvNp6NZWZUBlbGXYxxng==

jquery@^3.6.0:
  version "3.6.1"
  resolved "https://registry.yarnpkg.com/jquery/-/jquery-3.6.1.tgz#fab0408f8b45fc19f956205773b62b292c147a16"
  integrity sha512-opJeO4nCucVnsjiXOE+/PcCgYw9Gwpvs/a6B1LL/lQhwWwpbVEVYDZ1FokFr8PRc7ghYlrFPuyHuiiDNTQxmcw==

lodash@^4.17.4:
  version "4.17.21"
  resolved "https://registry.yarnpkg.com/lodash/-/lodash-4.17.21.tgz#679591c564c3bffaae8454cf0b3df370c3d6911c"
  integrity sha512-v2kDEe57lecTulaDIuNTPy3Ry4gLGJ6Z1O3vE1krgXZNrsQ+LFTGHVxVjcXPs17LhbZVGedAJv8XZ1tvj5FvSg==

normalize-path@^3.0.0, normalize-path@~3.0.0:
  version "3.0.0"
  resolved "https://registry.yarnpkg.com/normalize-path/-/normalize-path-3.0.0.tgz#0dcd69ff23a1c9b11fd0978316644a0388216a65"
  integrity sha512-6eZs5Ls3WtCisHWp9S2GUy8dqkpGi4BVSz3GaqiE6ezub0512ESztXUwUB6C6IKbQkY2Pnb/mD4WYojCRwcwLA==

picomatch@^2.0.4, picomatch@^2.2.1:
  version "2.3.1"
  resolved "https://registry.yarnpkg.com/picomatch/-/picomatch-2.3.1.tgz#3ba3833733646d9d3e4995946c1365a67fb07a42"
  integrity sha512-JU3teHTNjmE2VCGFzuY8EXzCDVwEqB2a8fsIvwaStHhAWJEeVd1o1QD80CU6+ZdEXXSLbSsuLwJjkCBWqRQUVA==

readdirp@~3.6.0:
  version "3.6.0"
  resolved "https://registry.yarnpkg.com/readdirp/-/readdirp-3.6.0.tgz#74a370bd857116e245b29cc97340cd431a02a6c7"
  integrity sha512-hOS089on8RduqdbhvQ5Z37A0ESjsqz6qnRcffsMU3495FuTdqSm+7bhJ29JvIOsBDEEnan5DPu9t3To9VRlMzA==
  dependencies:
    picomatch "^2.2.1"

regenerator-runtime@^0.11.0:
  version "0.11.1"
  resolved "https://registry.yarnpkg.com/regenerator-runtime/-/regenerator-runtime-0.11.1.tgz#be05ad7f9bf7d22e056f9726cee5017fbf19e2e9"
  integrity sha512-MguG95oij0fC3QV3URf4V2SDYGJhJnJGqvIIgdECeODCT98wSWDAJ94SSuVpYQUoTcGUIL6L4yNB7j1DFFHSBg==

sass@^1.77.8:
  version "1.77.8"
  resolved "https://registry.yarnpkg.com/sass/-/sass-1.77.8.tgz#9f18b449ea401759ef7ec1752a16373e296b52bd"
  integrity sha512-4UHg6prsrycW20fqLGPShtEvo/WyHRVRHwOP4DzkUrObWoWI05QBSfzU71TVB7PFaL104TwNaHpjlWXAZbQiNQ==
  dependencies:
    chokidar ">=3.0.0 <4.0.0"
    immutable "^4.0.0"
    source-map-js ">=0.6.2 <2.0.0"

"source-map-js@>=0.6.2 <2.0.0":
  version "1.0.2"
  resolved "https://registry.yarnpkg.com/source-map-js/-/source-map-js-1.0.2.tgz#adbc361d9c62df380125e7f161f71c826f1e490c"
  integrity sha512-R0XvVJ9WusLiqTCEiGCmICCMplcCkIwwR11mOSD9CR5u+IXYdiseeEuXCVAjS54zqwkLcPNnmU4OeJ6tUrWhDw==

spark-md5@^3.0.1:
  version "3.0.2"
  resolved "https://registry.yarnpkg.com/spark-md5/-/spark-md5-3.0.2.tgz#7952c4a30784347abcee73268e473b9c0167e3fc"
  integrity sha512-wcFzz9cDfbuqe0FZzfi2or1sgyIrsDwmPwfZC4hiNidPdPINjeUwNfv5kldczoEAcjl9Y1L3SM7Uz2PUEQzxQw==

to-fast-properties@^1.0.3:
  version "1.0.3"
  resolved "https://registry.yarnpkg.com/to-fast-properties/-/to-fast-properties-1.0.3.tgz#b83571fa4d8c25b82e231b06e3a3055de4ca1a47"
  integrity sha512-lxrWP8ejsq+7E3nNjwYmUBMAgjMTZoTI+sdBOpvNyijeDLa29LUn9QaoXAHv4+Z578hbmHHJKZknzxVtvo77og==

to-regex-range@^5.0.1:
  version "5.0.1"
  resolved "https://registry.yarnpkg.com/to-regex-range/-/to-regex-range-5.0.1.tgz#1648c44aae7c8d988a326018ed72f5b4dd0392e4"
  integrity sha512-65P7iz6X5yEr1cwcgvQxbbIw7Uk3gOy5dIdtZ4rDveLqhrdJP+Li/Hx6tyK0NEb+2GCyneCMJiGqrADCSNk8sQ==
  dependencies:
    is-number "^7.0.0"

trix@^2.1.4:
  version "2.1.4"
  resolved "https://registry.yarnpkg.com/trix/-/trix-2.1.4.tgz#a2f1e37fec03c9050bc7ba1d56056e606389a46f"
  integrity sha512-f0AGnqBV8J2qW+fCtVU71JmvzjcxnO5Xbbd6Cl2KrHVRpgXKDqNGTmDmQzNHWU7T2OgtwHwvNiN+OIf3Z3KmHQ==
